
Microsoft Visual Studio Solution File, Format Version 12.00
# Visual Studio Version 17
VisualStudioVersion = 17.3.32922.545
MinimumVisualStudioVersion = 10.0.40219.1
Project("{9A19103F-16F7-4668-BE54-9A1E7A4F7556}") = "SM.UI", "SM.UI\SM.UI.csproj", "{B38C15FE-FE8C-40E9-9B2D-1BF25DB14CEC}"
EndProject
Project("{9A19103F-16F7-4668-BE54-9A1E7A4F7556}") = "SM.Testing", "SM.Testing\SM.Testing.csproj", "{852E276F-609E-4655-8F21-93AF6CC78330}"
EndProject
Project("{9A19103F-16F7-4668-BE54-9A1E7A4F7556}") = "SM.MathContracts", "SM.Contracts\SM.MathContracts.csproj", "{EB3866F9-5766-4DF5-9398-3E70CCDEAB4E}"
EndProject
Project("{9A19103F-16F7-4668-BE54-9A1E7A4F7556}") = "SM.MathImplementation", "SM.Implementation\SM.MathImplementation.csproj", "{88774D23-65E7-42B0-9EEE-B9E4D80EC88F}"
EndProject
Project("{9A19103F-16F7-4668-BE54-9A1E7A4F7556}") = "SM.UI", "SM.MVPUI\SM.UI.csproj", "{A0D02213-9682-4765-BF6C-B73AEC8B4289}"
EndProject
Project("{9A19103F-16F7-4668-BE54-9A1E7A4F7556}") = "SM.UI.Contracts", "SM.MVPUI.Contracts\SM.UI.Contracts.csproj", "{F5968B01-FE9B-42C3-AE14-6439F4796F3A}"
EndProject
Project("{2150E333-8FDC-42A3-9474-1A3956D46DE8}") = "MVP", "MVP", "{BDEBEDB3-30C8-4213-8D0D-138D160CF04D}"
EndProject
Project("{2150E333-8FDC-42A3-9474-1A3956D46DE8}") = "Tests", "Tests", "{5DF37E48-DE40-4C74-A72D-293CAD612C44}"
EndProject
Project("{2150E333-8FDC-42A3-9474-1A3956D46DE8}") = "01.WithoutStyleOrPatterns", "01.WithoutStyleOrPatterns", "{B133F0A8-8DDB-450F-9E1A-D8B40CF0A1A7}"
EndProject
Project("{2150E333-8FDC-42A3-9474-1A3956D46DE8}") = "BL", "BL", "{82AED49B-EEEA-4B7F-ADB7-CE6C391558FF}"
EndProject
Project("{2150E333-8FDC-42A3-9474-1A3956D46DE8}") = "02.LayeredAndMVP", "02.LayeredAndMVP", "{E7991667-828A-4C31-9485-45E70121EDED}"
EndProject
Global
	GlobalSection(SolutionConfigurationPlatforms) = preSolution
		Debug|Any CPU = Debug|Any CPU
		Release|Any CPU = Release|Any CPU
	EndGlobalSection
	GlobalSection(ProjectConfigurationPlatforms) = postSolution
		{B38C15FE-FE8C-40E9-9B2D-1BF25DB14CEC}.Debug|Any CPU.ActiveCfg = Debug|Any CPU
		{B38C15FE-FE8C-40E9-9B2D-1BF25DB14CEC}.Debug|Any CPU.Build.0 = Debug|Any CPU
		{B38C15FE-FE8C-40E9-9B2D-1BF25DB14CEC}.Release|Any CPU.ActiveCfg = Release|Any CPU
		{B38C15FE-FE8C-40E9-9B2D-1BF25DB14CEC}.Release|Any CPU.Build.0 = Release|Any CPU
		{852E276F-609E-4655-8F21-93AF6CC78330}.Debug|Any CPU.ActiveCfg = Debug|Any CPU
		{852E276F-609E-4655-8F21-93AF6CC78330}.Debug|Any CPU.Build.0 = Debug|Any CPU
		{852E276F-609E-4655-8F21-93AF6CC78330}.Release|Any CPU.ActiveCfg = Release|Any CPU
		{852E276F-609E-4655-8F21-93AF6CC78330}.Release|Any CPU.Build.0 = Release|Any CPU
		{EB3866F9-5766-4DF5-9398-3E70CCDEAB4E}.Debug|Any CPU.ActiveCfg = Debug|Any CPU
		{EB3866F9-5766-4DF5-9398-3E70CCDEAB4E}.Debug|Any CPU.Build.0 = Debug|Any CPU
		{EB3866F9-5766-4DF5-9398-3E70CCDEAB4E}.Release|Any CPU.ActiveCfg = Release|Any CPU
		{EB3866F9-5766-4DF5-9398-3E70CCDEAB4E}.Release|Any CPU.Build.0 = Release|Any CPU
		{88774D23-65E7-42B0-9EEE-B9E4D80EC88F}.Debug|Any CPU.ActiveCfg = Debug|Any CPU
		{88774D23-65E7-42B0-9EEE-B9E4D80EC88F}.Debug|Any CPU.Build.0 = Debug|Any CPU
		{88774D23-65E7-42B0-9EEE-B9E4D80EC88F}.Release|Any CPU.ActiveCfg = Release|Any CPU
		{88774D23-65E7-42B0-9EEE-B9E4D80EC88F}.Release|Any CPU.Build.0 = Release|Any CPU
		{A0D02213-9682-4765-BF6C-B73AEC8B4289}.Debug|Any CPU.ActiveCfg = Debug|Any CPU
		{A0D02213-9682-4765-BF6C-B73AEC8B4289}.Debug|Any CPU.Build.0 = Debug|Any CPU
		{A0D02213-9682-4765-BF6C-B73AEC8B4289}.Release|Any CPU.ActiveCfg = Release|Any CPU
		{A0D02213-9682-4765-BF6C-B73AEC8B4289}.Release|Any CPU.Build.0 = Release|Any CPU
		{F5968B01-FE9B-42C3-AE14-6439F4796F3A}.Debug|Any CPU.ActiveCfg = Debug|Any CPU
		{F5968B01-FE9B-42C3-AE14-6439F4796F3A}.Debug|Any CPU.Build.0 = Debug|Any CPU
		{F5968B01-FE9B-42C3-AE14-6439F4796F3A}.Release|Any CPU.ActiveCfg = Release|Any CPU
		{F5968B01-FE9B-42C3-AE14-6439F4796F3A}.Release|Any CPU.Build.0 = Release|Any CPU
	EndGlobalSection
	GlobalSection(SolutionProperties) = preSolution
		HideSolutionNode = FALSE
	EndGlobalSection
	GlobalSection(NestedProjects) = preSolution
		{B38C15FE-FE8C-40E9-9B2D-1BF25DB14CEC} = {B133F0A8-8DDB-450F-9E1A-D8B40CF0A1A7}
		{852E276F-609E-4655-8F21-93AF6CC78330} = {5DF37E48-DE40-4C74-A72D-293CAD612C44}
		{EB3866F9-5766-4DF5-9398-3E70CCDEAB4E} = {82AED49B-EEEA-4B7F-ADB7-CE6C391558FF}
		{88774D23-65E7-42B0-9EEE-B9E4D80EC88F} = {82AED49B-EEEA-4B7F-ADB7-CE6C391558FF}
		{A0D02213-9682-4765-BF6C-B73AEC8B4289} = {BDEBEDB3-30C8-4213-8D0D-138D160CF04D}
		{F5968B01-FE9B-42C3-AE14-6439F4796F3A} = {BDEBEDB3-30C8-4213-8D0D-138D160CF04D}
		{BDEBEDB3-30C8-4213-8D0D-138D160CF04D} = {E7991667-828A-4C31-9485-45E70121EDED}
		{5DF37E48-DE40-4C74-A72D-293CAD612C44} = {E7991667-828A-4C31-9485-45E70121EDED}
		{82AED49B-EEEA-4B7F-ADB7-CE6C391558FF} = {E7991667-828A-4C31-9485-45E70121EDED}
	EndGlobalSection
	GlobalSection(ExtensibilityGlobals) = postSolution
		SolutionGuid = {682EAC8F-7015-4D77-B345-1CA0EC0A2BDB}
	EndGlobalSection
EndGlobal
